
Microsoft Visual Studio Solution File, Format Version 12.00
# Visual Studio Version 17
VisualStudioVersion = 17.6.33815.320
MinimumVisualStudioVersion = 10.0.40219.1
Project("{FAE04EC0-301F-11D3-BF4B-00C04F79EFBC}") = "auto clicker", "auto clicker\auto clicker.csproj", "{309D6994-FC4A-4BF3-B420-CF0ABC6ECDCF}"
EndProject
Global
	GlobalSection(SolutionConfigurationPlatforms) = preSolution
		Debug|Any CPU = Debug|Any CPU
		Release|Any CPU = Release|Any CPU
	EndGlobalSection
	GlobalSection(ProjectConfigurationPlatforms) = postSolution
		{309D6994-FC4A-4BF3-B420-CF0ABC6ECDCF}.Debug|Any CPU.ActiveCfg = Debug|Any CPU
		{309D6994-FC4A-4BF3-B420-CF0ABC6ECDCF}.Debug|Any CPU.Build.0 = Debug|Any CPU
		{309D6994-FC4A-4BF3-B420-CF0ABC6ECDCF}.Release|Any CPU.ActiveCfg = Release|Any CPU
		{309D6994-FC4A-4BF3-B420-CF0ABC6ECDCF}.Release|Any CPU.Build.0 = Release|Any CPU
	EndGlobalSection
	GlobalSection(SolutionProperties) = preSolution
		HideSolutionNode = FALSE
	EndGlobalSection
	GlobalSection(ExtensibilityGlobals) = postSolution
		SolutionGuid = {E11524F6-CCEC-44A3-B828-055D33DC3517}
	EndGlobalSection
EndGlobal
